
Microsoft Visual Studio Solution File, Format Version 12.00
# Visual Studio 2012
Project("{8BC9CEB8-8B4A-11D0-8D11-00A0C91BC942}") = "CppWinForm1", "CppWinForm1\CppWinForm1.vcxproj", "{F0E1E70E-3335-465D-8303-4BEE4DE01637}"
EndProject
Project("{8BC9CEB8-8B4A-11D0-8D11-00A0C91BC942}") = "MockChannel", "MockChannel\MockChannel.vcxproj", "{EB04974F-84CC-4A30-9A33-15D566446176}"
EndProject
Project("{FAE04EC0-301F-11D3-BF4B-00C04F79EFBC}") = "WpfApplication1", "WpfApplication1\WpfApplication1.csproj", "{407BA08B-35DD-4D29-B814-0E5DE4A974E2}"
EndProject
Project("{8BC9CEB8-8B4A-11D0-8D11-00A0C91BC942}") = "Server", "Server\Server.vcxproj", "{BD43D494-C273-4503-AD53-B6980AE73DAB}"
EndProject
Project("{8BC9CEB8-8B4A-11D0-8D11-00A0C91BC942}") = "authenticateXml", "authenticateXml\authenticateXml.vcxproj", "{62F78D89-3214-47FB-A9B1-81FE9EEB796F}"
EndProject
Project("{8BC9CEB8-8B4A-11D0-8D11-00A0C91BC942}") = "IPacketizer", "IPacketizer\IPacketizer.vcxproj", "{343E9DDC-5780-4457-9D0C-219E9AE8ECC8}"
EndProject
Project("{8BC9CEB8-8B4A-11D0-8D11-00A0C91BC942}") = "packageDep", "packageDep\packageDep.vcxproj", "{50699D08-2C40-4F5A-A038-9EFAACCDF761}"
EndProject
Global
	GlobalSection(SolutionConfigurationPlatforms) = preSolution
		Debug|Any CPU = Debug|Any CPU
		Debug|Mixed Platforms = Debug|Mixed Platforms
		Debug|Win32 = Debug|Win32
		Release|Any CPU = Release|Any CPU
		Release|Mixed Platforms = Release|Mixed Platforms
		Release|Win32 = Release|Win32
	EndGlobalSection
	GlobalSection(ProjectConfigurationPlatforms) = postSolution
		{F0E1E70E-3335-465D-8303-4BEE4DE01637}.Debug|Any CPU.ActiveCfg = Debug|Win32
		{F0E1E70E-3335-465D-8303-4BEE4DE01637}.Debug|Mixed Platforms.ActiveCfg = Debug|Win32
		{F0E1E70E-3335-465D-8303-4BEE4DE01637}.Debug|Mixed Platforms.Build.0 = Debug|Win32
		{F0E1E70E-3335-465D-8303-4BEE4DE01637}.Debug|Win32.ActiveCfg = Debug|Win32
		{F0E1E70E-3335-465D-8303-4BEE4DE01637}.Debug|Win32.Build.0 = Debug|Win32
		{F0E1E70E-3335-465D-8303-4BEE4DE01637}.Release|Any CPU.ActiveCfg = Release|Win32
		{F0E1E70E-3335-465D-8303-4BEE4DE01637}.Release|Mixed Platforms.ActiveCfg = Release|Win32
		{F0E1E70E-3335-465D-8303-4BEE4DE01637}.Release|Mixed Platforms.Build.0 = Release|Win32
		{F0E1E70E-3335-465D-8303-4BEE4DE01637}.Release|Win32.ActiveCfg = Release|Win32
		{F0E1E70E-3335-465D-8303-4BEE4DE01637}.Release|Win32.Build.0 = Release|Win32
		{EB04974F-84CC-4A30-9A33-15D566446176}.Debug|Any CPU.ActiveCfg = Debug|Win32
		{EB04974F-84CC-4A30-9A33-15D566446176}.Debug|Mixed Platforms.ActiveCfg = Debug|Win32
		{EB04974F-84CC-4A30-9A33-15D566446176}.Debug|Mixed Platforms.Build.0 = Debug|Win32
		{EB04974F-84CC-4A30-9A33-15D566446176}.Debug|Win32.ActiveCfg = Debug|Win32
		{EB04974F-84CC-4A30-9A33-15D566446176}.Debug|Win32.Build.0 = Debug|Win32
		{EB04974F-84CC-4A30-9A33-15D566446176}.Release|Any CPU.ActiveCfg = Release|Win32
		{EB04974F-84CC-4A30-9A33-15D566446176}.Release|Mixed Platforms.ActiveCfg = Release|Win32
		{EB04974F-84CC-4A30-9A33-15D566446176}.Release|Mixed Platforms.Build.0 = Release|Win32
		{EB04974F-84CC-4A30-9A33-15D566446176}.Release|Win32.ActiveCfg = Release|Win32
		{EB04974F-84CC-4A30-9A33-15D566446176}.Release|Win32.Build.0 = Release|Win32
		{407BA08B-35DD-4D29-B814-0E5DE4A974E2}.Debug|Any CPU.ActiveCfg = Debug|Any CPU
		{407BA08B-35DD-4D29-B814-0E5DE4A974E2}.Debug|Any CPU.Build.0 = Debug|Any CPU
		{407BA08B-35DD-4D29-B814-0E5DE4A974E2}.Debug|Mixed Platforms.ActiveCfg = Debug|Any CPU
		{407BA08B-35DD-4D29-B814-0E5DE4A974E2}.Debug|Mixed Platforms.Build.0 = Debug|Any CPU
		{407BA08B-35DD-4D29-B814-0E5DE4A974E2}.Debug|Win32.ActiveCfg = Debug|Any CPU
		{407BA08B-35DD-4D29-B814-0E5DE4A974E2}.Release|Any CPU.ActiveCfg = Release|Any CPU
		{407BA08B-35DD-4D29-B814-0E5DE4A974E2}.Release|Any CPU.Build.0 = Release|Any CPU
		{407BA08B-35DD-4D29-B814-0E5DE4A974E2}.Release|Mixed Platforms.ActiveCfg = Release|Any CPU
		{407BA08B-35DD-4D29-B814-0E5DE4A974E2}.Release|Mixed Platforms.Build.0 = Release|Any CPU
		{407BA08B-35DD-4D29-B814-0E5DE4A974E2}.Release|Win32.ActiveCfg = Release|Any CPU
		{BD43D494-C273-4503-AD53-B6980AE73DAB}.Debug|Any CPU.ActiveCfg = Debug|Win32
		{BD43D494-C273-4503-AD53-B6980AE73DAB}.Debug|Mixed Platforms.ActiveCfg = Debug|Win32
		{BD43D494-C273-4503-AD53-B6980AE73DAB}.Debug|Mixed Platforms.Build.0 = Debug|Win32
		{BD43D494-C273-4503-AD53-B6980AE73DAB}.Debug|Win32.ActiveCfg = Debug|Win32
		{BD43D494-C273-4503-AD53-B6980AE73DAB}.Debug|Win32.Build.0 = Debug|Win32
		{BD43D494-C273-4503-AD53-B6980AE73DAB}.Release|Any CPU.ActiveCfg = Release|Win32
		{BD43D494-C273-4503-AD53-B6980AE73DAB}.Release|Mixed Platforms.ActiveCfg = Release|Win32
		{BD43D494-C273-4503-AD53-B6980AE73DAB}.Release|Mixed Platforms.Build.0 = Release|Win32
		{BD43D494-C273-4503-AD53-B6980AE73DAB}.Release|Win32.ActiveCfg = Release|Win32
		{BD43D494-C273-4503-AD53-B6980AE73DAB}.Release|Win32.Build.0 = Release|Win32
		{62F78D89-3214-47FB-A9B1-81FE9EEB796F}.Debug|Any CPU.ActiveCfg = Debug|Win32
		{62F78D89-3214-47FB-A9B1-81FE9EEB796F}.Debug|Mixed Platforms.ActiveCfg = Debug|Win32
		{62F78D89-3214-47FB-A9B1-81FE9EEB796F}.Debug|Mixed Platforms.Build.0 = Debug|Win32
		{62F78D89-3214-47FB-A9B1-81FE9EEB796F}.Debug|Win32.ActiveCfg = Debug|Win32
		{62F78D89-3214-47FB-A9B1-81FE9EEB796F}.Debug|Win32.Build.0 = Debug|Win32
		{62F78D89-3214-47FB-A9B1-81FE9EEB796F}.Release|Any CPU.ActiveCfg = Release|Win32
		{62F78D89-3214-47FB-A9B1-81FE9EEB796F}.Release|Mixed Platforms.ActiveCfg = Release|Win32
		{62F78D89-3214-47FB-A9B1-81FE9EEB796F}.Release|Mixed Platforms.Build.0 = Release|Win32
		{62F78D89-3214-47FB-A9B1-81FE9EEB796F}.Release|Win32.ActiveCfg = Release|Win32
		{62F78D89-3214-47FB-A9B1-81FE9EEB796F}.Release|Win32.Build.0 = Release|Win32
		{343E9DDC-5780-4457-9D0C-219E9AE8ECC8}.Debug|Any CPU.ActiveCfg = Debug|Win32
		{343E9DDC-5780-4457-9D0C-219E9AE8ECC8}.Debug|Mixed Platforms.ActiveCfg = Debug|Win32
		{343E9DDC-5780-4457-9D0C-219E9AE8ECC8}.Debug|Mixed Platforms.Build.0 = Debug|Win32
		{343E9DDC-5780-4457-9D0C-219E9AE8ECC8}.Debug|Win32.ActiveCfg = Debug|Win32
		{343E9DDC-5780-4457-9D0C-219E9AE8ECC8}.Debug|Win32.Build.0 = Debug|Win32
		{343E9DDC-5780-4457-9D0C-219E9AE8ECC8}.Release|Any CPU.ActiveCfg = Release|Win32
		{343E9DDC-5780-4457-9D0C-219E9AE8ECC8}.Release|Mixed Platforms.ActiveCfg = Release|Win32
		{343E9DDC-5780-4457-9D0C-219E9AE8ECC8}.Release|Mixed Platforms.Build.0 = Release|Win32
		{343E9DDC-5780-4457-9D0C-219E9AE8ECC8}.Release|Win32.ActiveCfg = Release|Win32
		{343E9DDC-5780-4457-9D0C-219E9AE8ECC8}.Release|Win32.Build.0 = Release|Win32
		{50699D08-2C40-4F5A-A038-9EFAACCDF761}.Debug|Any CPU.ActiveCfg = Debug|Win32
		{50699D08-2C40-4F5A-A038-9EFAACCDF761}.Debug|Mixed Platforms.ActiveCfg = Debug|Win32
		{50699D08-2C40-4F5A-A038-9EFAACCDF761}.Debug|Mixed Platforms.Build.0 = Debug|Win32
		{50699D08-2C40-4F5A-A038-9EFAACCDF761}.Debug|Win32.ActiveCfg = Debug|Win32
		{50699D08-2C40-4F5A-A038-9EFAACCDF761}.Debug|Win32.Build.0 = Debug|Win32
		{50699D08-2C40-4F5A-A038-9EFAACCDF761}.Release|Any CPU.ActiveCfg = Release|Win32
		{50699D08-2C40-4F5A-A038-9EFAACCDF761}.Release|Mixed Platforms.ActiveCfg = Release|Win32
		{50699D08-2C40-4F5A-A038-9EFAACCDF761}.Release|Mixed Platforms.Build.0 = Release|Win32
		{50699D08-2C40-4F5A-A038-9EFAACCDF761}.Release|Win32.ActiveCfg = Release|Win32
		{50699D08-2C40-4F5A-A038-9EFAACCDF761}.Release|Win32.Build.0 = Release|Win32
	EndGlobalSection
	GlobalSection(SolutionProperties) = preSolution
		HideSolutionNode = FALSE
	EndGlobalSection
EndGlobal
