<?xml version="1.0" encoding="utf-8"?>
<Project ToolsVersion="4.0" xmlns="http://schemas.microsoft.com/developer/msbuild/2003">
  <ItemGroup>
    <Filter Include="Source Files">
      <UniqueIdentifier>{4FC737F1-C7A5-4376-A066-2A32D752A2FF}</UniqueIdentifier>
      <Extensions>cpp;c;cc;cxx;def;odl;idl;hpj;bat;asm;asmx</Extensions>
    </Filter>
    <Filter Include="Header Files">
      <UniqueIdentifier>{93995380-89BD-4b04-88EB-625FBE52EBFB}</UniqueIdentifier>
      <Extensions>h;hpp;hxx;hm;inl;inc;xsd</Extensions>
    </Filter>
    <Filter Include="Resource Files">
      <UniqueIdentifier>{67DA6AB6-F800-4c08-8B7A-83BB121AAD01}</UniqueIdentifier>
      <Extensions>rc;ico;cur;bmp;dlg;rc2;rct;bin;rgs;gif;jpg;jpeg;jpe;resx;tiff;tif;png;wav;mfcribbon-ms</Extensions>
    </Filter>
  </ItemGroup>
  <ItemGroup>
    <ClCompile Include="test\GraphSingleton.cpp">
      <Filter>Source Files</Filter>
    </ClCompile>
    <ClCompile Include="test\GraphXml.cpp">
      <Filter>Source Files</Filter>
    </ClCompile>
    <ClCompile Include="test\Parser.cpp">
      <Filter>Source Files</Filter>
    </ClCompile>
    <ClCompile Include="test\ScopeStack.cpp">
      <Filter>Source Files</Filter>
    </ClCompile>
    <ClCompile Include="test\SemiExpression.cpp">
      <Filter>Source Files</Filter>
    </ClCompile>
    <ClCompile Include="test\SymbolTable.cpp">
      <Filter>Source Files</Filter>
    </ClCompile>
    <ClCompile Include="test\Tokenizer.cpp">
      <Filter>Source Files</Filter>
    </ClCompile>
    <ClCompile Include="test\XmlReader.cpp">
      <Filter>Source Files</Filter>
    </ClCompile>
    <ClCompile Include="test\XmlWriter.cpp">
      <Filter>Source Files</Filter>
    </ClCompile>
    <ClCompile Include="test\ActionsAndRules.cpp">
      <Filter>Source Files</Filter>
    </ClCompile>
    <ClCompile Include="test\ConfigureParser.cpp">
      <Filter>Source Files</Filter>
    </ClCompile>
    <ClCompile Include="test\Executive.cpp">
      <Filter>Source Files</Filter>
    </ClCompile>
    <ClCompile Include="test\filefind.cpp">
      <Filter>Source Files</Filter>
    </ClCompile>
    <ClCompile Include="test\FileSystem.cpp">
      <Filter>Source Files</Filter>
    </ClCompile>
    <ClCompile Include="test\FoldingRules.cpp">
      <Filter>Source Files</Filter>
    </ClCompile>
    <ClCompile Include="test\Graph.cpp">
      <Filter>Source Files</Filter>
    </ClCompile>
    <ClCompile Include="test\Utility.cpp">
      <Filter>Source Files</Filter>
    </ClCompile>
  </ItemGroup>
  <ItemGroup>
    <ClInclude Include="test\GraphSingleton.h">
      <Filter>Header Files</Filter>
    </ClInclude>
    <ClInclude Include="test\GraphXml.h">
      <Filter>Header Files</Filter>
    </ClInclude>
    <ClInclude Include="test\itokcollection.h">
      <Filter>Header Files</Filter>
    </ClInclude>
    <ClInclude Include="test\Parser.h">
      <Filter>Header Files</Filter>
    </ClInclude>
    <ClInclude Include="test\ScopeStack.h">
      <Filter>Header Files</Filter>
    </ClInclude>
    <ClInclude Include="test\SemiExpression.h">
      <Filter>Header Files</Filter>
    </ClInclude>
    <ClInclude Include="test\SymbolTable.h">
      <Filter>Header Files</Filter>
    </ClInclude>
    <ClInclude Include="test\Tokenizer.h">
      <Filter>Header Files</Filter>
    </ClInclude>
    <ClInclude Include="test\XmlReader.h">
      <Filter>Header Files</Filter>
    </ClInclude>
    <ClInclude Include="test\XmlWriter.h">
      <Filter>Header Files</Filter>
    </ClInclude>
    <ClInclude Include="test\ActionsAndRules.h">
      <Filter>Header Files</Filter>
    </ClInclude>
    <ClInclude Include="test\ConfigureParser.h">
      <Filter>Header Files</Filter>
    </ClInclude>
    <ClInclude Include="test\filefind.h">
      <Filter>Header Files</Filter>
    </ClInclude>
    <ClInclude Include="test\FileSystem.h">
      <Filter>Header Files</Filter>
    </ClInclude>
    <ClInclude Include="test\FoldingRules.h">
      <Filter>Header Files</Filter>
    </ClInclude>
    <ClInclude Include="test\Graph.h">
      <Filter>Header Files</Filter>
    </ClInclude>
    <ClInclude Include="test\Utility.h">
      <Filter>Header Files</Filter>
    </ClInclude>
  </ItemGroup>
</Project>